
Microsoft Visual Studio Solution File, Format Version 12.00
# Blend for Visual Studio 14
VisualStudioVersion = 14.0.24720.0
MinimumVisualStudioVersion = 10.0.40219.1
Project("{FAE04EC0-301F-11D3-BF4B-00C04F79EFBC}") = "AppCalculatorOfMonsters", "AppCalculatorOfMonsters\AppCalculatorOfMonsters.csproj", "{635845A4-3C8F-4E66-B477-14DDEB142B8B}"
EndProject
Global
	GlobalSection(SolutionConfigurationPlatforms) = preSolution
		Debug|ARM = Debug|ARM
		Debug|x64 = Debug|x64
		Debug|x86 = Debug|x86
		Release|ARM = Release|ARM
		Release|x64 = Release|x64
		Release|x86 = Release|x86
	EndGlobalSection
	GlobalSection(ProjectConfigurationPlatforms) = postSolution
		{635845A4-3C8F-4E66-B477-14DDEB142B8B}.Debug|ARM.ActiveCfg = Debug|ARM
		{635845A4-3C8F-4E66-B477-14DDEB142B8B}.Debug|ARM.Build.0 = Debug|ARM
		{635845A4-3C8F-4E66-B477-14DDEB142B8B}.Debug|ARM.Deploy.0 = Debug|ARM
		{635845A4-3C8F-4E66-B477-14DDEB142B8B}.Debug|x64.ActiveCfg = Debug|x64
		{635845A4-3C8F-4E66-B477-14DDEB142B8B}.Debug|x64.Build.0 = Debug|x64
		{635845A4-3C8F-4E66-B477-14DDEB142B8B}.Debug|x64.Deploy.0 = Debug|x64
		{635845A4-3C8F-4E66-B477-14DDEB142B8B}.Debug|x86.ActiveCfg = Debug|x86
		{635845A4-3C8F-4E66-B477-14DDEB142B8B}.Debug|x86.Build.0 = Debug|x86
		{635845A4-3C8F-4E66-B477-14DDEB142B8B}.Debug|x86.Deploy.0 = Debug|x86
		{635845A4-3C8F-4E66-B477-14DDEB142B8B}.Release|ARM.ActiveCfg = Release|ARM
		{635845A4-3C8F-4E66-B477-14DDEB142B8B}.Release|ARM.Build.0 = Release|ARM
		{635845A4-3C8F-4E66-B477-14DDEB142B8B}.Release|ARM.Deploy.0 = Release|ARM
		{635845A4-3C8F-4E66-B477-14DDEB142B8B}.Release|x64.ActiveCfg = Release|x64
		{635845A4-3C8F-4E66-B477-14DDEB142B8B}.Release|x64.Build.0 = Release|x64
		{635845A4-3C8F-4E66-B477-14DDEB142B8B}.Release|x64.Deploy.0 = Release|x64
		{635845A4-3C8F-4E66-B477-14DDEB142B8B}.Release|x86.ActiveCfg = Release|x86
		{635845A4-3C8F-4E66-B477-14DDEB142B8B}.Release|x86.Build.0 = Release|x86
		{635845A4-3C8F-4E66-B477-14DDEB142B8B}.Release|x86.Deploy.0 = Release|x86
	EndGlobalSection
	GlobalSection(SolutionProperties) = preSolution
		HideSolutionNode = FALSE
	EndGlobalSection
EndGlobal
